
Microsoft Visual Studio Solution File, Format Version 12.00
# Visual Studio Version 17
VisualStudioVersion = 17.12.35527.113
MinimumVisualStudioVersion = 10.0.40219.1
Project("{FAE04EC0-301F-11D3-BF4B-00C04F79EFBC}") = "Builder", "Creational\Builder\Builder.csproj", "{066C5CC5-9867-42FC-A032-072580A4C82A}"
EndProject
Project("{FAE04EC0-301F-11D3-BF4B-00C04F79EFBC}") = "AbstractFactoryMethod", "Creational\FactoryMethod\AbstractFactoryMethod\AbstractFactoryMethod.csproj", "{6BF28438-C7EC-4EDB-BE5E-E6F2A35A7188}"
EndProject
Project("{FAE04EC0-301F-11D3-BF4B-00C04F79EFBC}") = "CentralizedFactoryMethod", "Creational\FactoryMethod\CentralizedFactoryMethod\CentralizedFactoryMethod.csproj", "{A0DBEA02-2BA4-4505-8773-19BDA33D2525}"
EndProject
Project("{FAE04EC0-301F-11D3-BF4B-00C04F79EFBC}") = "DecentralizedFactoryMethod", "Creational\FactoryMethod\DecentralizedFactoryMethod\DecentralizedFactoryMethod.csproj", "{489948F4-2C06-4F84-918B-693E2A8F82E5}"
EndProject
Project("{FAE04EC0-301F-11D3-BF4B-00C04F79EFBC}") = "Prototype", "Creational\Prototype\Prototype.csproj", "{F7CAA446-87D6-4327-814B-E07238CEC0D7}"
EndProject
Project("{2150E333-8FDC-42A3-9474-1A3956D46DE8}") = "Creational", "Creational", "{9B035B8D-2E1F-4E47-BD80-B29C66D2D08C}"
EndProject
Project("{FAE04EC0-301F-11D3-BF4B-00C04F79EFBC}") = "Singleton", "Creational\Singleton\Singleton.csproj", "{AE004D01-B3F7-4051-BC5B-1A8703830532}"
EndProject
Project("{2150E333-8FDC-42A3-9474-1A3956D46DE8}") = "FactoryMethod", "FactoryMethod", "{3EEAE584-54D6-404D-AC66-61CA5F05C2E8}"
EndProject
Project("{2150E333-8FDC-42A3-9474-1A3956D46DE8}") = "Structural", "Structural", "{3D1B581B-709B-4401-8D95-F03611D990FC}"
EndProject
Project("{FAE04EC0-301F-11D3-BF4B-00C04F79EFBC}") = "Adapter", "Structural\Adapter\Adapter.csproj", "{5FFB6045-28C8-4730-8BC4-A21689577D31}"
EndProject
Project("{FAE04EC0-301F-11D3-BF4B-00C04F79EFBC}") = "Bridge", "Structural\Bridge\Bridge.csproj", "{1DFFC266-09D8-423F-989D-277FCEE5C951}"
EndProject
Project("{FAE04EC0-301F-11D3-BF4B-00C04F79EFBC}") = "Composite", "Structural\Composite\Composite.csproj", "{76BE6D13-0BF0-4331-AACD-83BE6D67DBEC}"
EndProject
Project("{FAE04EC0-301F-11D3-BF4B-00C04F79EFBC}") = "Facade", "Facade\Facade.csproj", "{5F522436-75D0-4E16-9486-64A53F9BF8E8}"
EndProject
Project("{FAE04EC0-301F-11D3-BF4B-00C04F79EFBC}") = "Decorator", "Structural\Decorator\Decorator.csproj", "{E4F051BA-E436-4974-867D-203CF9306B01}"
EndProject
Project("{FAE04EC0-301F-11D3-BF4B-00C04F79EFBC}") = "Flyweight", "Flyweight\Flyweight.csproj", "{41736BF6-BD80-4A69-BEC9-712E8DA1C9D0}"
EndProject
Project("{FAE04EC0-301F-11D3-BF4B-00C04F79EFBC}") = "Proxy", "Proxy\Proxy.csproj", "{6E1031CC-613F-4FFD-8C0D-708311E0A7C0}"
EndProject
Project("{2150E333-8FDC-42A3-9474-1A3956D46DE8}") = "Behavioral", "Behavioral", "{BB067B2C-1A41-4570-BA0B-DF5B451785D5}"
EndProject
Project("{FAE04EC0-301F-11D3-BF4B-00C04F79EFBC}") = "ChainOfResponsibility", "Behavioral\ChainOfResponsibility\ChainOfResponsibility.csproj", "{C0AD8475-9D41-4016-B704-AFFD4CA7EF9C}"
EndProject
Project("{FAE04EC0-301F-11D3-BF4B-00C04F79EFBC}") = "Command", "Behavioral\Command\Command.csproj", "{3DFA2702-1A39-4793-92A0-717EC398AD14}"
EndProject
Project("{FAE04EC0-301F-11D3-BF4B-00C04F79EFBC}") = "Iterator", "Behavioral\Iterator\Iterator.csproj", "{A7DE5B35-E044-4ED0-B0B7-3E8599BEC001}"
EndProject
Project("{FAE04EC0-301F-11D3-BF4B-00C04F79EFBC}") = "Mediator", "Behavioral\Mediator\Mediator.csproj", "{D2DD7DD4-085D-46AA-86EE-362A62DC80B6}"
EndProject
Global
	GlobalSection(SolutionConfigurationPlatforms) = preSolution
		Debug|Any CPU = Debug|Any CPU
		Release|Any CPU = Release|Any CPU
	EndGlobalSection
	GlobalSection(ProjectConfigurationPlatforms) = postSolution
		{066C5CC5-9867-42FC-A032-072580A4C82A}.Debug|Any CPU.ActiveCfg = Debug|Any CPU
		{066C5CC5-9867-42FC-A032-072580A4C82A}.Debug|Any CPU.Build.0 = Debug|Any CPU
		{066C5CC5-9867-42FC-A032-072580A4C82A}.Release|Any CPU.ActiveCfg = Release|Any CPU
		{066C5CC5-9867-42FC-A032-072580A4C82A}.Release|Any CPU.Build.0 = Release|Any CPU
		{6BF28438-C7EC-4EDB-BE5E-E6F2A35A7188}.Debug|Any CPU.ActiveCfg = Debug|Any CPU
		{6BF28438-C7EC-4EDB-BE5E-E6F2A35A7188}.Debug|Any CPU.Build.0 = Debug|Any CPU
		{6BF28438-C7EC-4EDB-BE5E-E6F2A35A7188}.Release|Any CPU.ActiveCfg = Release|Any CPU
		{6BF28438-C7EC-4EDB-BE5E-E6F2A35A7188}.Release|Any CPU.Build.0 = Release|Any CPU
		{A0DBEA02-2BA4-4505-8773-19BDA33D2525}.Debug|Any CPU.ActiveCfg = Debug|Any CPU
		{A0DBEA02-2BA4-4505-8773-19BDA33D2525}.Debug|Any CPU.Build.0 = Debug|Any CPU
		{A0DBEA02-2BA4-4505-8773-19BDA33D2525}.Release|Any CPU.ActiveCfg = Release|Any CPU
		{A0DBEA02-2BA4-4505-8773-19BDA33D2525}.Release|Any CPU.Build.0 = Release|Any CPU
		{489948F4-2C06-4F84-918B-693E2A8F82E5}.Debug|Any CPU.ActiveCfg = Debug|Any CPU
		{489948F4-2C06-4F84-918B-693E2A8F82E5}.Debug|Any CPU.Build.0 = Debug|Any CPU
		{489948F4-2C06-4F84-918B-693E2A8F82E5}.Release|Any CPU.ActiveCfg = Release|Any CPU
		{489948F4-2C06-4F84-918B-693E2A8F82E5}.Release|Any CPU.Build.0 = Release|Any CPU
		{F7CAA446-87D6-4327-814B-E07238CEC0D7}.Debug|Any CPU.ActiveCfg = Debug|Any CPU
		{F7CAA446-87D6-4327-814B-E07238CEC0D7}.Debug|Any CPU.Build.0 = Debug|Any CPU
		{F7CAA446-87D6-4327-814B-E07238CEC0D7}.Release|Any CPU.ActiveCfg = Release|Any CPU
		{F7CAA446-87D6-4327-814B-E07238CEC0D7}.Release|Any CPU.Build.0 = Release|Any CPU
		{AE004D01-B3F7-4051-BC5B-1A8703830532}.Debug|Any CPU.ActiveCfg = Debug|Any CPU
		{AE004D01-B3F7-4051-BC5B-1A8703830532}.Debug|Any CPU.Build.0 = Debug|Any CPU
		{AE004D01-B3F7-4051-BC5B-1A8703830532}.Release|Any CPU.ActiveCfg = Release|Any CPU
		{AE004D01-B3F7-4051-BC5B-1A8703830532}.Release|Any CPU.Build.0 = Release|Any CPU
		{5FFB6045-28C8-4730-8BC4-A21689577D31}.Debug|Any CPU.ActiveCfg = Debug|Any CPU
		{5FFB6045-28C8-4730-8BC4-A21689577D31}.Debug|Any CPU.Build.0 = Debug|Any CPU
		{5FFB6045-28C8-4730-8BC4-A21689577D31}.Release|Any CPU.ActiveCfg = Release|Any CPU
		{5FFB6045-28C8-4730-8BC4-A21689577D31}.Release|Any CPU.Build.0 = Release|Any CPU
		{1DFFC266-09D8-423F-989D-277FCEE5C951}.Debug|Any CPU.ActiveCfg = Debug|Any CPU
		{1DFFC266-09D8-423F-989D-277FCEE5C951}.Debug|Any CPU.Build.0 = Debug|Any CPU
		{1DFFC266-09D8-423F-989D-277FCEE5C951}.Release|Any CPU.ActiveCfg = Release|Any CPU
		{1DFFC266-09D8-423F-989D-277FCEE5C951}.Release|Any CPU.Build.0 = Release|Any CPU
		{76BE6D13-0BF0-4331-AACD-83BE6D67DBEC}.Debug|Any CPU.ActiveCfg = Debug|Any CPU
		{76BE6D13-0BF0-4331-AACD-83BE6D67DBEC}.Debug|Any CPU.Build.0 = Debug|Any CPU
		{76BE6D13-0BF0-4331-AACD-83BE6D67DBEC}.Release|Any CPU.ActiveCfg = Release|Any CPU
		{76BE6D13-0BF0-4331-AACD-83BE6D67DBEC}.Release|Any CPU.Build.0 = Release|Any CPU
		{5F522436-75D0-4E16-9486-64A53F9BF8E8}.Debug|Any CPU.ActiveCfg = Debug|Any CPU
		{5F522436-75D0-4E16-9486-64A53F9BF8E8}.Debug|Any CPU.Build.0 = Debug|Any CPU
		{5F522436-75D0-4E16-9486-64A53F9BF8E8}.Release|Any CPU.ActiveCfg = Release|Any CPU
		{5F522436-75D0-4E16-9486-64A53F9BF8E8}.Release|Any CPU.Build.0 = Release|Any CPU
		{E4F051BA-E436-4974-867D-203CF9306B01}.Debug|Any CPU.ActiveCfg = Debug|Any CPU
		{E4F051BA-E436-4974-867D-203CF9306B01}.Debug|Any CPU.Build.0 = Debug|Any CPU
		{E4F051BA-E436-4974-867D-203CF9306B01}.Release|Any CPU.ActiveCfg = Release|Any CPU
		{E4F051BA-E436-4974-867D-203CF9306B01}.Release|Any CPU.Build.0 = Release|Any CPU
		{41736BF6-BD80-4A69-BEC9-712E8DA1C9D0}.Debug|Any CPU.ActiveCfg = Debug|Any CPU
		{41736BF6-BD80-4A69-BEC9-712E8DA1C9D0}.Debug|Any CPU.Build.0 = Debug|Any CPU
		{41736BF6-BD80-4A69-BEC9-712E8DA1C9D0}.Release|Any CPU.ActiveCfg = Release|Any CPU
		{41736BF6-BD80-4A69-BEC9-712E8DA1C9D0}.Release|Any CPU.Build.0 = Release|Any CPU
		{6E1031CC-613F-4FFD-8C0D-708311E0A7C0}.Debug|Any CPU.ActiveCfg = Debug|Any CPU
		{6E1031CC-613F-4FFD-8C0D-708311E0A7C0}.Debug|Any CPU.Build.0 = Debug|Any CPU
		{6E1031CC-613F-4FFD-8C0D-708311E0A7C0}.Release|Any CPU.ActiveCfg = Release|Any CPU
		{6E1031CC-613F-4FFD-8C0D-708311E0A7C0}.Release|Any CPU.Build.0 = Release|Any CPU
		{C0AD8475-9D41-4016-B704-AFFD4CA7EF9C}.Debug|Any CPU.ActiveCfg = Debug|Any CPU
		{C0AD8475-9D41-4016-B704-AFFD4CA7EF9C}.Debug|Any CPU.Build.0 = Debug|Any CPU
		{C0AD8475-9D41-4016-B704-AFFD4CA7EF9C}.Release|Any CPU.ActiveCfg = Release|Any CPU
		{C0AD8475-9D41-4016-B704-AFFD4CA7EF9C}.Release|Any CPU.Build.0 = Release|Any CPU
		{3DFA2702-1A39-4793-92A0-717EC398AD14}.Debug|Any CPU.ActiveCfg = Debug|Any CPU
		{3DFA2702-1A39-4793-92A0-717EC398AD14}.Debug|Any CPU.Build.0 = Debug|Any CPU
		{3DFA2702-1A39-4793-92A0-717EC398AD14}.Release|Any CPU.ActiveCfg = Release|Any CPU
		{3DFA2702-1A39-4793-92A0-717EC398AD14}.Release|Any CPU.Build.0 = Release|Any CPU
		{A7DE5B35-E044-4ED0-B0B7-3E8599BEC001}.Debug|Any CPU.ActiveCfg = Debug|Any CPU
		{A7DE5B35-E044-4ED0-B0B7-3E8599BEC001}.Debug|Any CPU.Build.0 = Debug|Any CPU
		{A7DE5B35-E044-4ED0-B0B7-3E8599BEC001}.Release|Any CPU.ActiveCfg = Release|Any CPU
		{A7DE5B35-E044-4ED0-B0B7-3E8599BEC001}.Release|Any CPU.Build.0 = Release|Any CPU
		{D2DD7DD4-085D-46AA-86EE-362A62DC80B6}.Debug|Any CPU.ActiveCfg = Debug|Any CPU
		{D2DD7DD4-085D-46AA-86EE-362A62DC80B6}.Debug|Any CPU.Build.0 = Debug|Any CPU
		{D2DD7DD4-085D-46AA-86EE-362A62DC80B6}.Release|Any CPU.ActiveCfg = Release|Any CPU
		{D2DD7DD4-085D-46AA-86EE-362A62DC80B6}.Release|Any CPU.Build.0 = Release|Any CPU
	EndGlobalSection
	GlobalSection(SolutionProperties) = preSolution
		HideSolutionNode = FALSE
	EndGlobalSection
	GlobalSection(NestedProjects) = preSolution
		{066C5CC5-9867-42FC-A032-072580A4C82A} = {9B035B8D-2E1F-4E47-BD80-B29C66D2D08C}
		{6BF28438-C7EC-4EDB-BE5E-E6F2A35A7188} = {3EEAE584-54D6-404D-AC66-61CA5F05C2E8}
		{A0DBEA02-2BA4-4505-8773-19BDA33D2525} = {3EEAE584-54D6-404D-AC66-61CA5F05C2E8}
		{489948F4-2C06-4F84-918B-693E2A8F82E5} = {3EEAE584-54D6-404D-AC66-61CA5F05C2E8}
		{F7CAA446-87D6-4327-814B-E07238CEC0D7} = {9B035B8D-2E1F-4E47-BD80-B29C66D2D08C}
		{AE004D01-B3F7-4051-BC5B-1A8703830532} = {9B035B8D-2E1F-4E47-BD80-B29C66D2D08C}
		{3EEAE584-54D6-404D-AC66-61CA5F05C2E8} = {9B035B8D-2E1F-4E47-BD80-B29C66D2D08C}
		{5FFB6045-28C8-4730-8BC4-A21689577D31} = {3D1B581B-709B-4401-8D95-F03611D990FC}
		{1DFFC266-09D8-423F-989D-277FCEE5C951} = {3D1B581B-709B-4401-8D95-F03611D990FC}
		{76BE6D13-0BF0-4331-AACD-83BE6D67DBEC} = {3D1B581B-709B-4401-8D95-F03611D990FC}
		{5F522436-75D0-4E16-9486-64A53F9BF8E8} = {3D1B581B-709B-4401-8D95-F03611D990FC}
		{E4F051BA-E436-4974-867D-203CF9306B01} = {3D1B581B-709B-4401-8D95-F03611D990FC}
		{41736BF6-BD80-4A69-BEC9-712E8DA1C9D0} = {3D1B581B-709B-4401-8D95-F03611D990FC}
		{6E1031CC-613F-4FFD-8C0D-708311E0A7C0} = {3D1B581B-709B-4401-8D95-F03611D990FC}
		{C0AD8475-9D41-4016-B704-AFFD4CA7EF9C} = {BB067B2C-1A41-4570-BA0B-DF5B451785D5}
		{3DFA2702-1A39-4793-92A0-717EC398AD14} = {BB067B2C-1A41-4570-BA0B-DF5B451785D5}
		{A7DE5B35-E044-4ED0-B0B7-3E8599BEC001} = {BB067B2C-1A41-4570-BA0B-DF5B451785D5}
		{D2DD7DD4-085D-46AA-86EE-362A62DC80B6} = {BB067B2C-1A41-4570-BA0B-DF5B451785D5}
	EndGlobalSection
EndGlobal
