
Microsoft Visual Studio Solution File, Format Version 12.00
# Visual Studio Version 17
VisualStudioVersion = 17.12.35527.113
MinimumVisualStudioVersion = 10.0.40219.1
Project("{FAE04EC0-301F-11D3-BF4B-00C04F79EFBC}") = "Builder", "Builder\Builder.csproj", "{4CB22199-0D46-4321-80CA-367216143EB5}"
EndProject
Project("{FAE04EC0-301F-11D3-BF4B-00C04F79EFBC}") = "Prototype", "Prototype\Prototype.csproj", "{B203B819-CD1F-4B72-B87D-B47AAA60EB5A}"
EndProject
Project("{FAE04EC0-301F-11D3-BF4B-00C04F79EFBC}") = "AbstractFactoryMethod", "FactoryMethod\AbstractFactoryMethod\AbstractFactoryMethod.csproj", "{B7EA9C75-9A20-4934-93AC-253C99795F78}"
EndProject
Project("{FAE04EC0-301F-11D3-BF4B-00C04F79EFBC}") = "CentralizedFactoryMethod", "FactoryMethod\CentralizedFactoryMethod\CentralizedFactoryMethod.csproj", "{E780518D-2BFB-4D42-A340-F54E27AA9C6F}"
EndProject
Project("{FAE04EC0-301F-11D3-BF4B-00C04F79EFBC}") = "DecentralizedFactoryMethod", "FactoryMethod\DecentralizedFactoryMethod\DecentralizedFactoryMethod.csproj", "{6DF057FC-9EEA-4A2A-9899-05D555DFD516}"
EndProject
Global
	GlobalSection(SolutionConfigurationPlatforms) = preSolution
		Debug|Any CPU = Debug|Any CPU
		Release|Any CPU = Release|Any CPU
	EndGlobalSection
	GlobalSection(ProjectConfigurationPlatforms) = postSolution
		{4CB22199-0D46-4321-80CA-367216143EB5}.Debug|Any CPU.ActiveCfg = Debug|Any CPU
		{4CB22199-0D46-4321-80CA-367216143EB5}.Debug|Any CPU.Build.0 = Debug|Any CPU
		{4CB22199-0D46-4321-80CA-367216143EB5}.Release|Any CPU.ActiveCfg = Release|Any CPU
		{4CB22199-0D46-4321-80CA-367216143EB5}.Release|Any CPU.Build.0 = Release|Any CPU
		{B203B819-CD1F-4B72-B87D-B47AAA60EB5A}.Debug|Any CPU.ActiveCfg = Debug|Any CPU
		{B203B819-CD1F-4B72-B87D-B47AAA60EB5A}.Debug|Any CPU.Build.0 = Debug|Any CPU
		{B203B819-CD1F-4B72-B87D-B47AAA60EB5A}.Release|Any CPU.ActiveCfg = Release|Any CPU
		{B203B819-CD1F-4B72-B87D-B47AAA60EB5A}.Release|Any CPU.Build.0 = Release|Any CPU
		{B7EA9C75-9A20-4934-93AC-253C99795F78}.Debug|Any CPU.ActiveCfg = Debug|Any CPU
		{B7EA9C75-9A20-4934-93AC-253C99795F78}.Debug|Any CPU.Build.0 = Debug|Any CPU
		{B7EA9C75-9A20-4934-93AC-253C99795F78}.Release|Any CPU.ActiveCfg = Release|Any CPU
		{B7EA9C75-9A20-4934-93AC-253C99795F78}.Release|Any CPU.Build.0 = Release|Any CPU
		{E780518D-2BFB-4D42-A340-F54E27AA9C6F}.Debug|Any CPU.ActiveCfg = Debug|Any CPU
		{E780518D-2BFB-4D42-A340-F54E27AA9C6F}.Debug|Any CPU.Build.0 = Debug|Any CPU
		{E780518D-2BFB-4D42-A340-F54E27AA9C6F}.Release|Any CPU.ActiveCfg = Release|Any CPU
		{E780518D-2BFB-4D42-A340-F54E27AA9C6F}.Release|Any CPU.Build.0 = Release|Any CPU
		{6DF057FC-9EEA-4A2A-9899-05D555DFD516}.Debug|Any CPU.ActiveCfg = Debug|Any CPU
		{6DF057FC-9EEA-4A2A-9899-05D555DFD516}.Debug|Any CPU.Build.0 = Debug|Any CPU
		{6DF057FC-9EEA-4A2A-9899-05D555DFD516}.Release|Any CPU.ActiveCfg = Release|Any CPU
		{6DF057FC-9EEA-4A2A-9899-05D555DFD516}.Release|Any CPU.Build.0 = Release|Any CPU
	EndGlobalSection
	GlobalSection(SolutionProperties) = preSolution
		HideSolutionNode = FALSE
	EndGlobalSection
EndGlobal
