
Microsoft Visual Studio Solution File, Format Version 12.00
# Visual Studio Version 17
VisualStudioVersion = 17.12.35527.113
MinimumVisualStudioVersion = 10.0.40219.1
Project("{FAE04EC0-301F-11D3-BF4B-00C04F79EFBC}") = "DecentralizedFactoryMethod", "DecentralizedFactoryMethod\DecentralizedFactoryMethod.csproj", "{7CE33B24-284A-4648-86F8-01B6A9A2136A}"
EndProject
Project("{FAE04EC0-301F-11D3-BF4B-00C04F79EFBC}") = "CentralizedFactoryMethod", "CentralizedFactoryMethod\CentralizedFactoryMethod.csproj", "{2C99F294-AE1E-4EBC-9515-F9B20D1D98AE}"
EndProject
Global
	GlobalSection(SolutionConfigurationPlatforms) = preSolution
		Debug|Any CPU = Debug|Any CPU
		Release|Any CPU = Release|Any CPU
	EndGlobalSection
	GlobalSection(ProjectConfigurationPlatforms) = postSolution
		{7CE33B24-284A-4648-86F8-01B6A9A2136A}.Debug|Any CPU.ActiveCfg = Debug|Any CPU
		{7CE33B24-284A-4648-86F8-01B6A9A2136A}.Debug|Any CPU.Build.0 = Debug|Any CPU
		{7CE33B24-284A-4648-86F8-01B6A9A2136A}.Release|Any CPU.ActiveCfg = Release|Any CPU
		{7CE33B24-284A-4648-86F8-01B6A9A2136A}.Release|Any CPU.Build.0 = Release|Any CPU
		{2C99F294-AE1E-4EBC-9515-F9B20D1D98AE}.Debug|Any CPU.ActiveCfg = Debug|Any CPU
		{2C99F294-AE1E-4EBC-9515-F9B20D1D98AE}.Debug|Any CPU.Build.0 = Debug|Any CPU
		{2C99F294-AE1E-4EBC-9515-F9B20D1D98AE}.Release|Any CPU.ActiveCfg = Release|Any CPU
		{2C99F294-AE1E-4EBC-9515-F9B20D1D98AE}.Release|Any CPU.Build.0 = Release|Any CPU
	EndGlobalSection
	GlobalSection(SolutionProperties) = preSolution
		HideSolutionNode = FALSE
	EndGlobalSection
EndGlobal
